// !$*UTF8*$!
{
	archiveVersion = 1;
	classes = {
	};
	objectVersion = 51;
	objects = {

/* Begin PBXBuildFile section */
		3CE72BF437F5453F84974001 /* Pods_Parstagram_ParstagramUITests.framework in Frameworks */ = {isa = PBXBuildFile; fileRef = EF2A6366F06B1690E3A406FD /* Pods_Parstagram_ParstagramUITests.framework */; };
		B02AAD9FD4015AE38E4454AC /* Pods_Parstagram.framework in Frameworks */ = {isa = PBXBuildFile; fileRef = C9AEEECC930AA80251BBD54D /* Pods_Parstagram.framework */; };
		CB2A9ED22543B2AA00E341D7 /* AppDelegate.swift in Sources */ = {isa = PBXBuildFile; fileRef = CB2A9ED12543B2AA00E341D7 /* AppDelegate.swift */; };
		CB2A9ED42543B2AA00E341D7 /* SceneDelegate.swift in Sources */ = {isa = PBXBuildFile; fileRef = CB2A9ED32543B2AA00E341D7 /* SceneDelegate.swift */; };
		CB2A9ED92543B2AA00E341D7 /* Main.storyboard in Resources */ = {isa = PBXBuildFile; fileRef = CB2A9ED72543B2AA00E341D7 /* Main.storyboard */; };
		CB2A9EDB2543B2AC00E341D7 /* Assets.xcassets in Resources */ = {isa = PBXBuildFile; fileRef = CB2A9EDA2543B2AC00E341D7 /* Assets.xcassets */; };
		CB2A9EDE2543B2AC00E341D7 /* LaunchScreen.storyboard in Resources */ = {isa = PBXBuildFile; fileRef = CB2A9EDC2543B2AC00E341D7 /* LaunchScreen.storyboard */; };
		CB2A9EE92543B2AC00E341D7 /* ParstagramTests.swift in Sources */ = {isa = PBXBuildFile; fileRef = CB2A9EE82543B2AC00E341D7 /* ParstagramTests.swift */; };
		CB2A9EF42543B2AC00E341D7 /* ParstagramUITests.swift in Sources */ = {isa = PBXBuildFile; fileRef = CB2A9EF32543B2AC00E341D7 /* ParstagramUITests.swift */; };
		CBC69C342543B5CC008C442D /* LoginViewController.swift in Sources */ = {isa = PBXBuildFile; fileRef = CBC69C332543B5CC008C442D /* LoginViewController.swift */; };
		CBC69C392543B5E4008C442D /* FeedViewController.swift in Sources */ = {isa = PBXBuildFile; fileRef = CBC69C382543B5E4008C442D /* FeedViewController.swift */; };
		EDF1941D65A8B889601F09D4 /* Pods_ParstagramTests.framework in Frameworks */ = {isa = PBXBuildFile; fileRef = 4F1F540965D335965BA6F928 /* Pods_ParstagramTests.framework */; };
/* End PBXBuildFile section */

/* Begin PBXContainerItemProxy section */
		CB2A9EE52543B2AC00E341D7 /* PBXContainerItemProxy */ = {
			isa = PBXContainerItemProxy;
			containerPortal = CB2A9EC62543B2A900E341D7 /* Project object */;
			proxyType = 1;
			remoteGlobalIDString = CB2A9ECD2543B2AA00E341D7;
			remoteInfo = Parstagram;
		};
		CB2A9EF02543B2AC00E341D7 /* PBXContainerItemProxy */ = {
			isa = PBXContainerItemProxy;
			containerPortal = CB2A9EC62543B2A900E341D7 /* Project object */;
			proxyType = 1;
			remoteGlobalIDString = CB2A9ECD2543B2AA00E341D7;
			remoteInfo = Parstagram;
		};
/* End PBXContainerItemProxy section */

/* Begin PBXFileReference section */
		2143C712F0FB38F47490B2C0 /* Pods-Parstagram-ParstagramUITests.release.xcconfig */ = {isa = PBXFileReference; includeInIndex = 1; lastKnownFileType = text.xcconfig; name = "Pods-Parstagram-ParstagramUITests.release.xcconfig"; path = "Target Support Files/Pods-Parstagram-ParstagramUITests/Pods-Parstagram-ParstagramUITests.release.xcconfig"; sourceTree = "<group>"; };
		4F1F540965D335965BA6F928 /* Pods_ParstagramTests.framework */ = {isa = PBXFileReference; explicitFileType = wrapper.framework; includeInIndex = 0; path = Pods_ParstagramTests.framework; sourceTree = BUILT_PRODUCTS_DIR; };
		8817074719BE64FD0553A4CC /* Pods-Parstagram.release.xcconfig */ = {isa = PBXFileReference; includeInIndex = 1; lastKnownFileType = text.xcconfig; name = "Pods-Parstagram.release.xcconfig"; path = "Target Support Files/Pods-Parstagram/Pods-Parstagram.release.xcconfig"; sourceTree = "<group>"; };
		8CC0E4F2CA3F2C97C712333F /* Pods-Parstagram.debug.xcconfig */ = {isa = PBXFileReference; includeInIndex = 1; lastKnownFileType = text.xcconfig; name = "Pods-Parstagram.debug.xcconfig"; path = "Target Support Files/Pods-Parstagram/Pods-Parstagram.debug.xcconfig"; sourceTree = "<group>"; };
		B6D637A13C10E5B4187C9587 /* Pods-ParstagramTests.debug.xcconfig */ = {isa = PBXFileReference; includeInIndex = 1; lastKnownFileType = text.xcconfig; name = "Pods-ParstagramTests.debug.xcconfig"; path = "Target Support Files/Pods-ParstagramTests/Pods-ParstagramTests.debug.xcconfig"; sourceTree = "<group>"; };
		B9573542A5AB57F592B64813 /* Pods-Parstagram-ParstagramUITests.debug.xcconfig */ = {isa = PBXFileReference; includeInIndex = 1; lastKnownFileType = text.xcconfig; name = "Pods-Parstagram-ParstagramUITests.debug.xcconfig"; path = "Target Support Files/Pods-Parstagram-ParstagramUITests/Pods-Parstagram-ParstagramUITests.debug.xcconfig"; sourceTree = "<group>"; };
		C9AEEECC930AA80251BBD54D /* Pods_Parstagram.framework */ = {isa = PBXFileReference; explicitFileType = wrapper.framework; includeInIndex = 0; path = Pods_Parstagram.framework; sourceTree = BUILT_PRODUCTS_DIR; };
		CB2A9ECE2543B2AA00E341D7 /* Parstagram.app */ = {isa = PBXFileReference; explicitFileType = wrapper.application; includeInIndex = 0; path = Parstagram.app; sourceTree = BUILT_PRODUCTS_DIR; };
		CB2A9ED12543B2AA00E341D7 /* AppDelegate.swift */ = {isa = PBXFileReference; lastKnownFileType = sourcecode.swift; path = AppDelegate.swift; sourceTree = "<group>"; };
		CB2A9ED32543B2AA00E341D7 /* SceneDelegate.swift */ = {isa = PBXFileReference; lastKnownFileType = sourcecode.swift; path = SceneDelegate.swift; sourceTree = "<group>"; };
		CB2A9ED82543B2AA00E341D7 /* Base */ = {isa = PBXFileReference; lastKnownFileType = file.storyboard; name = Base; path = Base.lproj/Main.storyboard; sourceTree = "<group>"; };
		CB2A9EDA2543B2AC00E341D7 /* Assets.xcassets */ = {isa = PBXFileReference; lastKnownFileType = folder.assetcatalog; path = Assets.xcassets; sourceTree = "<group>"; };
		CB2A9EDD2543B2AC00E341D7 /* Base */ = {isa = PBXFileReference; lastKnownFileType = file.storyboard; name = Base; path = Base.lproj/LaunchScreen.storyboard; sourceTree = "<group>"; };
		CB2A9EDF2543B2AC00E341D7 /* Info.plist */ = {isa = PBXFileReference; lastKnownFileType = text.plist.xml; path = Info.plist; sourceTree = "<group>"; };
		CB2A9EE42543B2AC00E341D7 /* ParstagramTests.xctest */ = {isa = PBXFileReference; explicitFileType = wrapper.cfbundle; includeInIndex = 0; path = ParstagramTests.xctest; sourceTree = BUILT_PRODUCTS_DIR; };
		CB2A9EE82543B2AC00E341D7 /* ParstagramTests.swift */ = {isa = PBXFileReference; lastKnownFileType = sourcecode.swift; path = ParstagramTests.swift; sourceTree = "<group>"; };
		CB2A9EEA2543B2AC00E341D7 /* Info.plist */ = {isa = PBXFileReference; lastKnownFileType = text.plist.xml; path = Info.plist; sourceTree = "<group>"; };
		CB2A9EEF2543B2AC00E341D7 /* ParstagramUITests.xctest */ = {isa = PBXFileReference; explicitFileType = wrapper.cfbundle; includeInIndex = 0; path = ParstagramUITests.xctest; sourceTree = BUILT_PRODUCTS_DIR; };
		CB2A9EF32543B2AC00E341D7 /* ParstagramUITests.swift */ = {isa = PBXFileReference; lastKnownFileType = sourcecode.swift; path = ParstagramUITests.swift; sourceTree = "<group>"; };
		CB2A9EF52543B2AC00E341D7 /* Info.plist */ = {isa = PBXFileReference; lastKnownFileType = text.plist.xml; path = Info.plist; sourceTree = "<group>"; };
		CBC69C332543B5CC008C442D /* LoginViewController.swift */ = {isa = PBXFileReference; lastKnownFileType = sourcecode.swift; path = LoginViewController.swift; sourceTree = "<group>"; };
		CBC69C382543B5E4008C442D /* FeedViewController.swift */ = {isa = PBXFileReference; lastKnownFileType = sourcecode.swift; path = FeedViewController.swift; sourceTree = "<group>"; };
		EF2A6366F06B1690E3A406FD /* Pods_Parstagram_ParstagramUITests.framework */ = {isa = PBXFileReference; explicitFileType = wrapper.framework; includeInIndex = 0; path = Pods_Parstagram_ParstagramUITests.framework; sourceTree = BUILT_PRODUCTS_DIR; };
		F49645A1792404B916918366 /* Pods-ParstagramTests.release.xcconfig */ = {isa = PBXFileReference; includeInIndex = 1; lastKnownFileType = text.xcconfig; name = "Pods-ParstagramTests.release.xcconfig"; path = "Target Support Files/Pods-ParstagramTests/Pods-ParstagramTests.release.xcconfig"; sourceTree = "<group>"; };
/* End PBXFileReference section */

/* Begin PBXFrameworksBuildPhase section */
		CB2A9ECB2543B2AA00E341D7 /* Frameworks */ = {
			isa = PBXFrameworksBuildPhase;
			buildActionMask = 2147483647;
			files = (
				B02AAD9FD4015AE38E4454AC /* Pods_Parstagram.framework in Frameworks */,
			);
			runOnlyForDeploymentPostprocessing = 0;
		};
		CB2A9EE12543B2AC00E341D7 /* Frameworks */ = {
			isa = PBXFrameworksBuildPhase;
			buildActionMask = 2147483647;
			files = (
				EDF1941D65A8B889601F09D4 /* Pods_ParstagramTests.framework in Frameworks */,
			);
			runOnlyForDeploymentPostprocessing = 0;
		};
		CB2A9EEC2543B2AC00E341D7 /* Frameworks */ = {
			isa = PBXFrameworksBuildPhase;
			buildActionMask = 2147483647;
			files = (
				3CE72BF437F5453F84974001 /* Pods_Parstagram_ParstagramUITests.framework in Frameworks */,
			);
			runOnlyForDeploymentPostprocessing = 0;
		};
/* End PBXFrameworksBuildPhase section */

/* Begin PBXGroup section */
		98E7CC46A7BEFC503B6E52CF /* Pods */ = {
			isa = PBXGroup;
			children = (
				8CC0E4F2CA3F2C97C712333F /* Pods-Parstagram.debug.xcconfig */,
				8817074719BE64FD0553A4CC /* Pods-Parstagram.release.xcconfig */,
				B9573542A5AB57F592B64813 /* Pods-Parstagram-ParstagramUITests.debug.xcconfig */,
				2143C712F0FB38F47490B2C0 /* Pods-Parstagram-ParstagramUITests.release.xcconfig */,
				B6D637A13C10E5B4187C9587 /* Pods-ParstagramTests.debug.xcconfig */,
				F49645A1792404B916918366 /* Pods-ParstagramTests.release.xcconfig */,
			);
			path = Pods;
			sourceTree = "<group>";
		};
		CB2A9EC52543B2A900E341D7 = {
			isa = PBXGroup;
			children = (
				CB2A9ED02543B2AA00E341D7 /* Parstagram */,
				CB2A9EE72543B2AC00E341D7 /* ParstagramTests */,
				CB2A9EF22543B2AC00E341D7 /* ParstagramUITests */,
				CB2A9ECF2543B2AA00E341D7 /* Products */,
				98E7CC46A7BEFC503B6E52CF /* Pods */,
				DFE8F11F0C300F3776994CBE /* Frameworks */,
			);
			sourceTree = "<group>";
		};
		CB2A9ECF2543B2AA00E341D7 /* Products */ = {
			isa = PBXGroup;
			children = (
				CB2A9ECE2543B2AA00E341D7 /* Parstagram.app */,
				CB2A9EE42543B2AC00E341D7 /* ParstagramTests.xctest */,
				CB2A9EEF2543B2AC00E341D7 /* ParstagramUITests.xctest */,
			);
			name = Products;
			sourceTree = "<group>";
		};
		CB2A9ED02543B2AA00E341D7 /* Parstagram */ = {
			isa = PBXGroup;
			children = (
				CB2A9ED12543B2AA00E341D7 /* AppDelegate.swift */,
				CB2A9ED32543B2AA00E341D7 /* SceneDelegate.swift */,
				CB2A9ED72543B2AA00E341D7 /* Main.storyboard */,
				CB2A9EDA2543B2AC00E341D7 /* Assets.xcassets */,
				CB2A9EDC2543B2AC00E341D7 /* LaunchScreen.storyboard */,
				CB2A9EDF2543B2AC00E341D7 /* Info.plist */,
				CBC69C332543B5CC008C442D /* LoginViewController.swift */,
				CBC69C382543B5E4008C442D /* FeedViewController.swift */,
			);
			path = Parstagram;
			sourceTree = "<group>";
		};
		CB2A9EE72543B2AC00E341D7 /* ParstagramTests */ = {
			isa = PBXGroup;
			children = (
				CB2A9EE82543B2AC00E341D7 /* ParstagramTests.swift */,
				CB2A9EEA2543B2AC00E341D7 /* Info.plist */,
			);
			path = ParstagramTests;
			sourceTree = "<group>";
		};
		CB2A9EF22543B2AC00E341D7 /* ParstagramUITests */ = {
			isa = PBXGroup;
			children = (
				CB2A9EF32543B2AC00E341D7 /* ParstagramUITests.swift */,
				CB2A9EF52543B2AC00E341D7 /* Info.plist */,
			);
			path = ParstagramUITests;
			sourceTree = "<group>";
		};
		DFE8F11F0C300F3776994CBE /* Frameworks */ = {
			isa = PBXGroup;
			children = (
				C9AEEECC930AA80251BBD54D /* Pods_Parstagram.framework */,
				EF2A6366F06B1690E3A406FD /* Pods_Parstagram_ParstagramUITests.framework */,
				4F1F540965D335965BA6F928 /* Pods_ParstagramTests.framework */,
			);
			name = Frameworks;
			sourceTree = "<group>";
		};
/* End PBXGroup section */

/* Begin PBXNativeTarget section */
		CB2A9ECD2543B2AA00E341D7 /* Parstagram */ = {
			isa = PBXNativeTarget;
			buildConfigurationList = CB2A9EF82543B2AC00E341D7 /* Build configuration list for PBXNativeTarget "Parstagram" */;
			buildPhases = (
				329770559895646186754C24 /* [CP] Check Pods Manifest.lock */,
				CB2A9ECA2543B2AA00E341D7 /* Sources */,
				CB2A9ECB2543B2AA00E341D7 /* Frameworks */,
				CB2A9ECC2543B2AA00E341D7 /* Resources */,
				168824F34224E4A2298310B2 /* [CP] Embed Pods Frameworks */,
			);
			buildRules = (
			);
			dependencies = (
			);
			name = Parstagram;
			productName = Parstagram;
			productReference = CB2A9ECE2543B2AA00E341D7 /* Parstagram.app */;
			productType = "com.apple.product-type.application";
		};
		CB2A9EE32543B2AC00E341D7 /* ParstagramTests */ = {
			isa = PBXNativeTarget;
			buildConfigurationList = CB2A9EFB2543B2AC00E341D7 /* Build configuration list for PBXNativeTarget "ParstagramTests" */;
			buildPhases = (
				5114066F0BFD7E447EBF704E /* [CP] Check Pods Manifest.lock */,
				CB2A9EE02543B2AC00E341D7 /* Sources */,
				CB2A9EE12543B2AC00E341D7 /* Frameworks */,
				CB2A9EE22543B2AC00E341D7 /* Resources */,
			);
			buildRules = (
			);
			dependencies = (
				CB2A9EE62543B2AC00E341D7 /* PBXTargetDependency */,
			);
			name = ParstagramTests;
			productName = ParstagramTests;
			productReference = CB2A9EE42543B2AC00E341D7 /* ParstagramTests.xctest */;
			productType = "com.apple.product-type.bundle.unit-test";
		};
		CB2A9EEE2543B2AC00E341D7 /* ParstagramUITests */ = {
			isa = PBXNativeTarget;
			buildConfigurationList = CB2A9EFE2543B2AC00E341D7 /* Build configuration list for PBXNativeTarget "ParstagramUITests" */;
			buildPhases = (
				0DDE1536895ADB2E71F5CCD3 /* [CP] Check Pods Manifest.lock */,
				CB2A9EEB2543B2AC00E341D7 /* Sources */,
				CB2A9EEC2543B2AC00E341D7 /* Frameworks */,
				CB2A9EED2543B2AC00E341D7 /* Resources */,
				B2A9256123B6FE7592042B0B /* [CP] Embed Pods Frameworks */,
			);
			buildRules = (
			);
			dependencies = (
				CB2A9EF12543B2AC00E341D7 /* PBXTargetDependency */,
			);
			name = ParstagramUITests;
			productName = ParstagramUITests;
			productReference = CB2A9EEF2543B2AC00E341D7 /* ParstagramUITests.xctest */;
			productType = "com.apple.product-type.bundle.ui-testing";
		};
/* End PBXNativeTarget section */

/* Begin PBXProject section */
		CB2A9EC62543B2A900E341D7 /* Project object */ = {
			isa = PBXProject;
			attributes = {
				LastSwiftUpdateCheck = 1200;
				LastUpgradeCheck = 1200;
				TargetAttributes = {
					CB2A9ECD2543B2AA00E341D7 = {
						CreatedOnToolsVersion = 12.0.1;
					};
					CB2A9EE32543B2AC00E341D7 = {
						CreatedOnToolsVersion = 12.0.1;
						TestTargetID = CB2A9ECD2543B2AA00E341D7;
					};
					CB2A9EEE2543B2AC00E341D7 = {
						CreatedOnToolsVersion = 12.0.1;
						TestTargetID = CB2A9ECD2543B2AA00E341D7;
					};
				};
			};
			buildConfigurationList = CB2A9EC92543B2A900E341D7 /* Build configuration list for PBXProject "Parstagram" */;
			compatibilityVersion = "Xcode 9.3";
			developmentRegion = en;
			hasScannedForEncodings = 0;
			knownRegions = (
				en,
				Base,
			);
			mainGroup = CB2A9EC52543B2A900E341D7;
			productRefGroup = CB2A9ECF2543B2AA00E341D7 /* Products */;
			projectDirPath = "";
			projectRoot = "";
			targets = (
				CB2A9ECD2543B2AA00E341D7 /* Parstagram */,
				CB2A9EE32543B2AC00E341D7 /* ParstagramTests */,
				CB2A9EEE2543B2AC00E341D7 /* ParstagramUITests */,
			);
		};
/* End PBXProject section */

/* Begin PBXResourcesBuildPhase section */
		CB2A9ECC2543B2AA00E341D7 /* Resources */ = {
			isa = PBXResourcesBuildPhase;
			buildActionMask = 2147483647;
			files = (
				CB2A9EDE2543B2AC00E341D7 /* LaunchScreen.storyboard in Resources */,
				CB2A9EDB2543B2AC00E341D7 /* Assets.xcassets in Resources */,
				CB2A9ED92543B2AA00E341D7 /* Main.storyboard in Resources */,
			);
			runOnlyForDeploymentPostprocessing = 0;
		};
		CB2A9EE22543B2AC00E341D7 /* Resources */ = {
			isa = PBXResourcesBuildPhase;
			buildActionMask = 2147483647;
			files = (
			);
			runOnlyForDeploymentPostprocessing = 0;
		};
		CB2A9EED2543B2AC00E341D7 /* Resources */ = {
			isa = PBXResourcesBuildPhase;
			buildActionMask = 2147483647;
			files = (
			);
			runOnlyForDeploymentPostprocessing = 0;
		};
/* End PBXResourcesBuildPhase section */

/* Begin PBXShellScriptBuildPhase section */
		0DDE1536895ADB2E71F5CCD3 /* [CP] Check Pods Manifest.lock */ = {
			isa = PBXShellScriptBuildPhase;
			buildActionMask = 2147483647;
			files = (
			);
			inputFileListPaths = (
			);
			inputPaths = (
				"${PODS_PODFILE_DIR_PATH}/Podfile.lock",
				"${PODS_ROOT}/Manifest.lock",
			);
			name = "[CP] Check Pods Manifest.lock";
			outputFileListPaths = (
			);
			outputPaths = (
				"$(DERIVED_FILE_DIR)/Pods-Parstagram-ParstagramUITests-checkManifestLockResult.txt",
			);
			runOnlyForDeploymentPostprocessing = 0;
			shellPath = /bin/sh;
			shellScript = "diff \"${PODS_PODFILE_DIR_PATH}/Podfile.lock\" \"${PODS_ROOT}/Manifest.lock\" > /dev/null\nif [ $? != 0 ] ; then\n    # print error to STDERR\n    echo \"error: The sandbox is not in sync with the Podfile.lock. Run 'pod install' or update your CocoaPods installation.\" >&2\n    exit 1\nfi\n# This output is used by Xcode 'outputs' to avoid re-running this script phase.\necho \"SUCCESS\" > \"${SCRIPT_OUTPUT_FILE_0}\"\n";
			showEnvVarsInLog = 0;
		};
		168824F34224E4A2298310B2 /* [CP] Embed Pods Frameworks */ = {
			isa = PBXShellScriptBuildPhase;
			buildActionMask = 2147483647;
			files = (
			);
			inputFileListPaths = (
				"${PODS_ROOT}/Target Support Files/Pods-Parstagram/Pods-Parstagram-frameworks-${CONFIGURATION}-input-files.xcfilelist",
			);
			name = "[CP] Embed Pods Frameworks";
			outputFileListPaths = (
				"${PODS_ROOT}/Target Support Files/Pods-Parstagram/Pods-Parstagram-frameworks-${CONFIGURATION}-output-files.xcfilelist",
			);
			runOnlyForDeploymentPostprocessing = 0;
			shellPath = /bin/sh;
			shellScript = "\"${PODS_ROOT}/Target Support Files/Pods-Parstagram/Pods-Parstagram-frameworks.sh\"\n";
			showEnvVarsInLog = 0;
		};
		329770559895646186754C24 /* [CP] Check Pods Manifest.lock */ = {
			isa = PBXShellScriptBuildPhase;
			buildActionMask = 2147483647;
			files = (
			);
			inputFileListPaths = (
			);
			inputPaths = (
				"${PODS_PODFILE_DIR_PATH}/Podfile.lock",
				"${PODS_ROOT}/Manifest.lock",
			);
			name = "[CP] Check Pods Manifest.lock";
			outputFileListPaths = (
			);
			outputPaths = (
				"$(DERIVED_FILE_DIR)/Pods-Parstagram-checkManifestLockResult.txt",
			);
			runOnlyForDeploymentPostprocessing = 0;
			shellPath = /bin/sh;
			shellScript = "diff \"${PODS_PODFILE_DIR_PATH}/Podfile.lock\" \"${PODS_ROOT}/Manifest.lock\" > /dev/null\nif [ $? != 0 ] ; then\n    # print error to STDERR\n    echo \"error: The sandbox is not in sync with the Podfile.lock. Run 'pod install' or update your CocoaPods installation.\" >&2\n    exit 1\nfi\n# This output is used by Xcode 'outputs' to avoid re-running this script phase.\necho \"SUCCESS\" > \"${SCRIPT_OUTPUT_FILE_0}\"\n";
			showEnvVarsInLog = 0;
		};
		5114066F0BFD7E447EBF704E /* [CP] Check Pods Manifest.lock */ = {
			isa = PBXShellScriptBuildPhase;
			buildActionMask = 2147483647;
			files = (
			);
			inputFileListPaths = (
			);
			inputPaths = (
				"${PODS_PODFILE_DIR_PATH}/Podfile.lock",
				"${PODS_ROOT}/Manifest.lock",
			);
			name = "[CP] Check Pods Manifest.lock";
			outputFileListPaths = (
			);
			outputPaths = (
				"$(DERIVED_FILE_DIR)/Pods-ParstagramTests-checkManifestLockResult.txt",
			);
			runOnlyForDeploymentPostprocessing = 0;
			shellPath = /bin/sh;
			shellScript = "diff \"${PODS_PODFILE_DIR_PATH}/Podfile.lock\" \"${PODS_ROOT}/Manifest.lock\" > /dev/null\nif [ $? != 0 ] ; then\n    # print error to STDERR\n    echo \"error: The sandbox is not in sync with the Podfile.lock. Run 'pod install' or update your CocoaPods installation.\" >&2\n    exit 1\nfi\n# This output is used by Xcode 'outputs' to avoid re-running this script phase.\necho \"SUCCESS\" > \"${SCRIPT_OUTPUT_FILE_0}\"\n";
			showEnvVarsInLog = 0;
		};
		B2A9256123B6FE7592042B0B /* [CP] Embed Pods Frameworks */ = {
			isa = PBXShellScriptBuildPhase;
			buildActionMask = 2147483647;
			files = (
			);
			inputFileListPaths = (
				"${PODS_ROOT}/Target Support Files/Pods-Parstagram-ParstagramUITests/Pods-Parstagram-ParstagramUITests-frameworks-${CONFIGURATION}-input-files.xcfilelist",
			);
			name = "[CP] Embed Pods Frameworks";
			outputFileListPaths = (
				"${PODS_ROOT}/Target Support Files/Pods-Parstagram-ParstagramUITests/Pods-Parstagram-ParstagramUITests-frameworks-${CONFIGURATION}-output-files.xcfilelist",
			);
			runOnlyForDeploymentPostprocessing = 0;
			shellPath = /bin/sh;
			shellScript = "\"${PODS_ROOT}/Target Support Files/Pods-Parstagram-ParstagramUITests/Pods-Parstagram-ParstagramUITests-frameworks.sh\"\n";
			showEnvVarsInLog = 0;
		};
/* End PBXShellScriptBuildPhase section */

/* Begin PBXSourcesBuildPhase section */
		CB2A9ECA2543B2AA00E341D7 /* Sources */ = {
			isa = PBXSourcesBuildPhase;
			buildActionMask = 2147483647;
			files = (
				CBC69C342543B5CC008C442D /* LoginViewController.swift in Sources */,
				CB2A9ED22543B2AA00E341D7 /* AppDelegate.swift in Sources */,
				CBC69C392543B5E4008C442D /* FeedViewController.swift in Sources */,
				CB2A9ED42543B2AA00E341D7 /* SceneDelegate.swift in Sources */,
			);
			runOnlyForDeploymentPostprocessing = 0;
		};
		CB2A9EE02543B2AC00E341D7 /* Sources */ = {
			isa = PBXSourcesBuildPhase;
			buildActionMask = 2147483647;
			files = (
				CB2A9EE92543B2AC00E341D7 /* ParstagramTests.swift in Sources */,
			);
			runOnlyForDeploymentPostprocessing = 0;
		};
		CB2A9EEB2543B2AC00E341D7 /* Sources */ = {
			isa = PBXSourcesBuildPhase;
			buildActionMask = 2147483647;
			files = (
				CB2A9EF42543B2AC00E341D7 /* ParstagramUITests.swift in Sources */,
			);
			runOnlyForDeploymentPostprocessing = 0;
		};
/* End PBXSourcesBuildPhase section */

/* Begin PBXTargetDependency section */
		CB2A9EE62543B2AC00E341D7 /* PBXTargetDependency */ = {
			isa = PBXTargetDependency;
			target = CB2A9ECD2543B2AA00E341D7 /* Parstagram */;
			targetProxy = CB2A9EE52543B2AC00E341D7 /* PBXContainerItemProxy */;
		};
		CB2A9EF12543B2AC00E341D7 /* PBXTargetDependency */ = {
			isa = PBXTargetDependency;
			target = CB2A9ECD2543B2AA00E341D7 /* Parstagram */;
			targetProxy = CB2A9EF02543B2AC00E341D7 /* PBXContainerItemProxy */;
		};
/* End PBXTargetDependency section */

/* Begin PBXVariantGroup section */
		CB2A9ED72543B2AA00E341D7 /* Main.storyboard */ = {
			isa = PBXVariantGroup;
			children = (
				CB2A9ED82543B2AA00E341D7 /* Base */,
			);
			name = Main.storyboard;
			sourceTree = "<group>";
		};
		CB2A9EDC2543B2AC00E341D7 /* LaunchScreen.storyboard */ = {
			isa = PBXVariantGroup;
			children = (
				CB2A9EDD2543B2AC00E341D7 /* Base */,
			);
			name = LaunchScreen.storyboard;
			sourceTree = "<group>";
		};
/* End PBXVariantGroup section */

/* Begin XCBuildConfiguration section */
		CB2A9EF62543B2AC00E341D7 /* Debug */ = {
			isa = XCBuildConfiguration;
			buildSettings = {
				ALWAYS_SEARCH_USER_PATHS = NO;
				CLANG_ANALYZER_NONNULL = YES;
				CLANG_ANALYZER_NUMBER_OBJECT_CONVERSION = YES_AGGRESSIVE;
				CLANG_CXX_LANGUAGE_STANDARD = "gnu++14";
				CLANG_CXX_LIBRARY = "libc++";
				CLANG_ENABLE_MODULES = YES;
				CLANG_ENABLE_OBJC_ARC = YES;
				CLANG_ENABLE_OBJC_WEAK = YES;
				CLANG_WARN_BLOCK_CAPTURE_AUTORELEASING = YES;
				CLANG_WARN_BOOL_CONVERSION = YES;
				CLANG_WARN_COMMA = YES;
				CLANG_WARN_CONSTANT_CONVERSION = YES;
				CLANG_WARN_DEPRECATED_OBJC_IMPLEMENTATIONS = YES;
				CLANG_WARN_DIRECT_OBJC_ISA_USAGE = YES_ERROR;
				CLANG_WARN_DOCUMENTATION_COMMENTS = YES;
				CLANG_WARN_EMPTY_BODY = YES;
				CLANG_WARN_ENUM_CONVERSION = YES;
				CLANG_WARN_INFINITE_RECURSION = YES;
				CLANG_WARN_INT_CONVERSION = YES;
				CLANG_WARN_NON_LITERAL_NULL_CONVERSION = YES;
				CLANG_WARN_OBJC_IMPLICIT_RETAIN_SELF = YES;
				CLANG_WARN_OBJC_LITERAL_CONVERSION = YES;
				CLANG_WARN_OBJC_ROOT_CLASS = YES_ERROR;
				CLANG_WARN_QUOTED_INCLUDE_IN_FRAMEWORK_HEADER = YES;
				CLANG_WARN_RANGE_LOOP_ANALYSIS = YES;
				CLANG_WARN_STRICT_PROTOTYPES = YES;
				CLANG_WARN_SUSPICIOUS_MOVE = YES;
				CLANG_WARN_UNGUARDED_AVAILABILITY = YES_AGGRESSIVE;
				CLANG_WARN_UNREACHABLE_CODE = YES;
				CLANG_WARN__DUPLICATE_METHOD_MATCH = YES;
				COPY_PHASE_STRIP = NO;
				DEBUG_INFORMATION_FORMAT = dwarf;
				ENABLE_STRICT_OBJC_MSGSEND = YES;
				ENABLE_TESTABILITY = YES;
				GCC_C_LANGUAGE_STANDARD = gnu11;
				GCC_DYNAMIC_NO_PIC = NO;
				GCC_NO_COMMON_BLOCKS = YES;
				GCC_OPTIMIZATION_LEVEL = 0;
				GCC_PREPROCESSOR_DEFINITIONS = (
					"DEBUG=1",
					"$(inherited)",
				);
				GCC_WARN_64_TO_32_BIT_CONVERSION = YES;
				GCC_WARN_ABOUT_RETURN_TYPE = YES_ERROR;
				GCC_WARN_UNDECLARED_SELECTOR = YES;
				GCC_WARN_UNINITIALIZED_AUTOS = YES_AGGRESSIVE;
				GCC_WARN_UNUSED_FUNCTION = YES;
				GCC_WARN_UNUSED_VARIABLE = YES;
				IPHONEOS_DEPLOYMENT_TARGET = 14.0;
				MTL_ENABLE_DEBUG_INFO = INCLUDE_SOURCE;
				MTL_FAST_MATH = YES;
				ONLY_ACTIVE_ARCH = YES;
				SDKROOT = iphoneos;
				SWIFT_ACTIVE_COMPILATION_CONDITIONS = DEBUG;
				SWIFT_OPTIMIZATION_LEVEL = "-Onone";
			};
			name = Debug;
		};
		CB2A9EF72543B2AC00E341D7 /* Release */ = {
			isa = XCBuildConfiguration;
			buildSettings = {
				ALWAYS_SEARCH_USER_PATHS = NO;
				CLANG_ANALYZER_NONNULL = YES;
				CLANG_ANALYZER_NUMBER_OBJECT_CONVERSION = YES_AGGRESSIVE;
				CLANG_CXX_LANGUAGE_STANDARD = "gnu++14";
				CLANG_CXX_LIBRARY = "libc++";
				CLANG_ENABLE_MODULES = YES;
				CLANG_ENABLE_OBJC_ARC = YES;
				CLANG_ENABLE_OBJC_WEAK = YES;
				CLANG_WARN_BLOCK_CAPTURE_AUTORELEASING = YES;
				CLANG_WARN_BOOL_CONVERSION = YES;
				CLANG_WARN_COMMA = YES;
				CLANG_WARN_CONSTANT_CONVERSION = YES;
				CLANG_WARN_DEPRECATED_OBJC_IMPLEMENTATIONS = YES;
				CLANG_WARN_DIRECT_OBJC_ISA_USAGE = YES_ERROR;
				CLANG_WARN_DOCUMENTATION_COMMENTS = YES;
				CLANG_WARN_EMPTY_BODY = YES;
				CLANG_WARN_ENUM_CONVERSION = YES;
				CLANG_WARN_INFINITE_RECURSION = YES;
				CLANG_WARN_INT_CONVERSION = YES;
				CLANG_WARN_NON_LITERAL_NULL_CONVERSION = YES;
				CLANG_WARN_OBJC_IMPLICIT_RETAIN_SELF = YES;
				CLANG_WARN_OBJC_LITERAL_CONVERSION = YES;
				CLANG_WARN_OBJC_ROOT_CLASS = YES_ERROR;
				CLANG_WARN_QUOTED_INCLUDE_IN_FRAMEWORK_HEADER = YES;
				CLANG_WARN_RANGE_LOOP_ANALYSIS = YES;
				CLANG_WARN_STRICT_PROTOTYPES = YES;
				CLANG_WARN_SUSPICIOUS_MOVE = YES;
				CLANG_WARN_UNGUARDED_AVAILABILITY = YES_AGGRESSIVE;
				CLANG_WARN_UNREACHABLE_CODE = YES;
				CLANG_WARN__DUPLICATE_METHOD_MATCH = YES;
				COPY_PHASE_STRIP = NO;
				DEBUG_INFORMATION_FORMAT = "dwarf-with-dsym";
				ENABLE_NS_ASSERTIONS = NO;
				ENABLE_STRICT_OBJC_MSGSEND = YES;
				GCC_C_LANGUAGE_STANDARD = gnu11;
				GCC_NO_COMMON_BLOCKS = YES;
				GCC_WARN_64_TO_32_BIT_CONVERSION = YES;
				GCC_WARN_ABOUT_RETURN_TYPE = YES_ERROR;
				GCC_WARN_UNDECLARED_SELECTOR = YES;
				GCC_WARN_UNINITIALIZED_AUTOS = YES_AGGRESSIVE;
				GCC_WARN_UNUSED_FUNCTION = YES;
				GCC_WARN_UNUSED_VARIABLE = YES;
				IPHONEOS_DEPLOYMENT_TARGET = 14.0;
				MTL_ENABLE_DEBUG_INFO = NO;
				MTL_FAST_MATH = YES;
				SDKROOT = iphoneos;
				SWIFT_COMPILATION_MODE = wholemodule;
				SWIFT_OPTIMIZATION_LEVEL = "-O";
				VALIDATE_PRODUCT = YES;
			};
			name = Release;
		};
		CB2A9EF92543B2AC00E341D7 /* Debug */ = {
			isa = XCBuildConfiguration;
			baseConfigurationReference = 8CC0E4F2CA3F2C97C712333F /* Pods-Parstagram.debug.xcconfig */;
			buildSettings = {
				ASSETCATALOG_COMPILER_APPICON_NAME = AppIcon;
				ASSETCATALOG_COMPILER_GLOBAL_ACCENT_COLOR_NAME = AccentColor;
				CODE_SIGN_STYLE = Automatic;
				DEVELOPMENT_TEAM = 7PM79QRNK8;
				INFOPLIST_FILE = Parstagram/Info.plist;
				LD_RUNPATH_SEARCH_PATHS = (
					"$(inherited)",
					"@executable_path/Frameworks",
				);
				PRODUCT_BUNDLE_IDENTIFIER = "garcj041-icloud.com.Parstagram";
				PRODUCT_NAME = "$(TARGET_NAME)";
				SWIFT_VERSION = 5.0;
				TARGETED_DEVICE_FAMILY = "1,2";
			};
			name = Debug;
		};
		CB2A9EFA2543B2AC00E341D7 /* Release */ = {
			isa = XCBuildConfiguration;
			baseConfigurationReference = 8817074719BE64FD0553A4CC /* Pods-Parstagram.release.xcconfig */;
			buildSettings = {
				ASSETCATALOG_COMPILER_APPICON_NAME = AppIcon;
				ASSETCATALOG_COMPILER_GLOBAL_ACCENT_COLOR_NAME = AccentColor;
				CODE_SIGN_STYLE = Automatic;
				DEVELOPMENT_TEAM = 7PM79QRNK8;
				INFOPLIST_FILE = Parstagram/Info.plist;
				LD_RUNPATH_SEARCH_PATHS = (
					"$(inherited)",
					"@executable_path/Frameworks",
				);
				PRODUCT_BUNDLE_IDENTIFIER = "garcj041-icloud.com.Parstagram";
				PRODUCT_NAME = "$(TARGET_NAME)";
				SWIFT_VERSION = 5.0;
				TARGETED_DEVICE_FAMILY = "1,2";
			};
			name = Release;
		};
		CB2A9EFC2543B2AC00E341D7 /* Debug */ = {
			isa = XCBuildConfiguration;
			baseConfigurationReference = B6D637A13C10E5B4187C9587 /* Pods-ParstagramTests.debug.xcconfig */;
			buildSettings = {
				ALWAYS_EMBED_SWIFT_STANDARD_LIBRARIES = YES;
				BUNDLE_LOADER = "$(TEST_HOST)";
				CODE_SIGN_STYLE = Automatic;
				DEVELOPMENT_TEAM = 7PM79QRNK8;
				INFOPLIST_FILE = ParstagramTests/Info.plist;
				IPHONEOS_DEPLOYMENT_TARGET = 14.0;
				LD_RUNPATH_SEARCH_PATHS = (
					"$(inherited)",
					"@executable_path/Frameworks",
					"@loader_path/Frameworks",
				);
				PRODUCT_BUNDLE_IDENTIFIER = "garcj041-icloud.com.ParstagramTests";
				PRODUCT_NAME = "$(TARGET_NAME)";
				SWIFT_VERSION = 5.0;
				TARGETED_DEVICE_FAMILY = "1,2";
				TEST_HOST = "$(BUILT_PRODUCTS_DIR)/Parstagram.app/Parstagram";
			};
			name = Debug;
		};
		CB2A9EFD2543B2AC00E341D7 /* Release */ = {
			isa = XCBuildConfiguration;
			baseConfigurationReference = F49645A1792404B916918366 /* Pods-ParstagramTests.release.xcconfig */;
			buildSettings = {
				ALWAYS_EMBED_SWIFT_STANDARD_LIBRARIES = YES;
				BUNDLE_LOADER = "$(TEST_HOST)";
				CODE_SIGN_STYLE = Automatic;
				DEVELOPMENT_TEAM = 7PM79QRNK8;
				INFOPLIST_FILE = ParstagramTests/Info.plist;
				IPHONEOS_DEPLOYMENT_TARGET = 14.0;
				LD_RUNPATH_SEARCH_PATHS = (
					"$(inherited)",
					"@executable_path/Frameworks",
					"@loader_path/Frameworks",
				);
				PRODUCT_BUNDLE_IDENTIFIER = "garcj041-icloud.com.ParstagramTests";
				PRODUCT_NAME = "$(TARGET_NAME)";
				SWIFT_VERSION = 5.0;
				TARGETED_DEVICE_FAMILY = "1,2";
				TEST_HOST = "$(BUILT_PRODUCTS_DIR)/Parstagram.app/Parstagram";
			};
			name = Release;
		};
		CB2A9EFF2543B2AC00E341D7 /* Debug */ = {
			isa = XCBuildConfiguration;
			baseConfigurationReference = B9573542A5AB57F592B64813 /* Pods-Parstagram-ParstagramUITests.debug.xcconfig */;
			buildSettings = {
				ALWAYS_EMBED_SWIFT_STANDARD_LIBRARIES = YES;
				CODE_SIGN_STYLE = Automatic;
				DEVELOPMENT_TEAM = 7PM79QRNK8;
				INFOPLIST_FILE = ParstagramUITests/Info.plist;
				LD_RUNPATH_SEARCH_PATHS = (
					"$(inherited)",
					"@executable_path/Frameworks",
					"@loader_path/Frameworks",
				);
				PRODUCT_BUNDLE_IDENTIFIER = "garcj041-icloud.com.ParstagramUITests";
				PRODUCT_NAME = "$(TARGET_NAME)";
				SWIFT_VERSION = 5.0;
				TARGETED_DEVICE_FAMILY = "1,2";
				TEST_TARGET_NAME = Parstagram;
			};
			name = Debug;
		};
		CB2A9F002543B2AC00E341D7 /* Release */ = {
			isa = XCBuildConfiguration;
			baseConfigurationReference = 2143C712F0FB38F47490B2C0 /* Pods-Parstagram-ParstagramUITests.release.xcconfig */;
			buildSettings = {
				ALWAYS_EMBED_SWIFT_STANDARD_LIBRARIES = YES;
				CODE_SIGN_STYLE = Automatic;
				DEVELOPMENT_TEAM = 7PM79QRNK8;
				INFOPLIST_FILE = ParstagramUITests/Info.plist;
				LD_RUNPATH_SEARCH_PATHS = (
					"$(inherited)",
					"@executable_path/Frameworks",
					"@loader_path/Frameworks",
				);
				PRODUCT_BUNDLE_IDENTIFIER = "garcj041-icloud.com.ParstagramUITests";
				PRODUCT_NAME = "$(TARGET_NAME)";
				SWIFT_VERSION = 5.0;
				TARGETED_DEVICE_FAMILY = "1,2";
				TEST_TARGET_NAME = Parstagram;
			};
			name = Release;
		};
/* End XCBuildConfiguration section */

/* Begin XCConfigurationList section */
		CB2A9EC92543B2A900E341D7 /* Build configuration list for PBXProject "Parstagram" */ = {
			isa = XCConfigurationList;
			buildConfigurations = (
				CB2A9EF62543B2AC00E341D7 /* Debug */,
				CB2A9EF72543B2AC00E341D7 /* Release */,
			);
			defaultConfigurationIsVisible = 0;
			defaultConfigurationName = Release;
		};
		CB2A9EF82543B2AC00E341D7 /* Build configuration list for PBXNativeTarget "Parstagram" */ = {
			isa = XCConfigurationList;
			buildConfigurations = (
				CB2A9EF92543B2AC00E341D7 /* Debug */,
				CB2A9EFA2543B2AC00E341D7 /* Release */,
			);
			defaultConfigurationIsVisible = 0;
			defaultConfigurationName = Release;
		};
		CB2A9EFB2543B2AC00E341D7 /* Build configuration list for PBXNativeTarget "ParstagramTests" */ = {
			isa = XCConfigurationList;
			buildConfigurations = (
				CB2A9EFC2543B2AC00E341D7 /* Debug */,
				CB2A9EFD2543B2AC00E341D7 /* Release */,
			);
			defaultConfigurationIsVisible = 0;
			defaultConfigurationName = Release;
		};
		CB2A9EFE2543B2AC00E341D7 /* Build configuration list for PBXNativeTarget "ParstagramUITests" */ = {
			isa = XCConfigurationList;
			buildConfigurations = (
				CB2A9EFF2543B2AC00E341D7 /* Debug */,
				CB2A9F002543B2AC00E341D7 /* Release */,
			);
			defaultConfigurationIsVisible = 0;
			defaultConfigurationName = Release;
		};
/* End XCConfigurationList section */
	};
	rootObject = CB2A9EC62543B2A900E341D7 /* Project object */;
}
